
Microsoft Visual Studio Solution File, Format Version 12.00
# Visual Studio Version 16
VisualStudioVersion = 16.0.31410.357
MinimumVisualStudioVersion = 10.0.40219.1
Project("{9A19103F-16F7-4668-BE54-9A1E7A4F7556}") = "CRUD.EfCore", "CRUD.EfCore.csproj", "{2498BDDE-6B9D-4396-9FF4-48C3E2B11AA0}"
EndProject
Global
	GlobalSection(SolutionConfigurationPlatforms) = preSolution
		Debug|Any CPU = Debug|Any CPU
		Release|Any CPU = Release|Any CPU
	EndGlobalSection
	GlobalSection(ProjectConfigurationPlatforms) = postSolution
		{2498BDDE-6B9D-4396-9FF4-48C3E2B11AA0}.Debug|Any CPU.ActiveCfg = Debug|Any CPU
		{2498BDDE-6B9D-4396-9FF4-48C3E2B11AA0}.Debug|Any CPU.Build.0 = Debug|Any CPU
		{2498BDDE-6B9D-4396-9FF4-48C3E2B11AA0}.Release|Any CPU.ActiveCfg = Release|Any CPU
		{2498BDDE-6B9D-4396-9FF4-48C3E2B11AA0}.Release|Any CPU.Build.0 = Release|Any CPU
	EndGlobalSection
	GlobalSection(SolutionProperties) = preSolution
		HideSolutionNode = FALSE
	EndGlobalSection
	GlobalSection(ExtensibilityGlobals) = postSolution
		SolutionGuid = {7010A1B0-BDEB-41C9-B526-87AD6C55421D}
	EndGlobalSection
EndGlobal
